
Microsoft Visual Studio Solution File, Format Version 12.00
Project("{FAE04EC0-301F-11D3-BF4B-00C04F79EFBC}") = "Host", "Host\Host.csproj", "{FF386F8D-E3BD-4190-B1FD-32AF87D69124}"
EndProject
Project("{FAE04EC0-301F-11D3-BF4B-00C04F79EFBC}") = "Core", "Core\Core.csproj", "{7B846E17-7FF8-4959-BD47-B37B96DB0FA1}"
EndProject
Project("{FAE04EC0-301F-11D3-BF4B-00C04F79EFBC}") = "DataAccess", "DataAccess\DataAccess.csproj", "{A90C8328-AD6C-4C28-BC5E-154117D0CE51}"
EndProject
Global
	GlobalSection(SolutionConfigurationPlatforms) = preSolution
		Debug|Any CPU = Debug|Any CPU
		Release|Any CPU = Release|Any CPU
	EndGlobalSection
	GlobalSection(ProjectConfigurationPlatforms) = postSolution
		{FF386F8D-E3BD-4190-B1FD-32AF87D69124}.Debug|Any CPU.ActiveCfg = Debug|Any CPU
		{FF386F8D-E3BD-4190-B1FD-32AF87D69124}.Debug|Any CPU.Build.0 = Debug|Any CPU
		{FF386F8D-E3BD-4190-B1FD-32AF87D69124}.Release|Any CPU.ActiveCfg = Release|Any CPU
		{FF386F8D-E3BD-4190-B1FD-32AF87D69124}.Release|Any CPU.Build.0 = Release|Any CPU
		{7B846E17-7FF8-4959-BD47-B37B96DB0FA1}.Debug|Any CPU.ActiveCfg = Debug|Any CPU
		{7B846E17-7FF8-4959-BD47-B37B96DB0FA1}.Debug|Any CPU.Build.0 = Debug|Any CPU
		{7B846E17-7FF8-4959-BD47-B37B96DB0FA1}.Release|Any CPU.ActiveCfg = Release|Any CPU
		{7B846E17-7FF8-4959-BD47-B37B96DB0FA1}.Release|Any CPU.Build.0 = Release|Any CPU
		{A90C8328-AD6C-4C28-BC5E-154117D0CE51}.Debug|Any CPU.ActiveCfg = Debug|Any CPU
		{A90C8328-AD6C-4C28-BC5E-154117D0CE51}.Debug|Any CPU.Build.0 = Debug|Any CPU
		{A90C8328-AD6C-4C28-BC5E-154117D0CE51}.Release|Any CPU.ActiveCfg = Release|Any CPU
		{A90C8328-AD6C-4C28-BC5E-154117D0CE51}.Release|Any CPU.Build.0 = Release|Any CPU
	EndGlobalSection
EndGlobal
